
Microsoft Visual Studio Solution File, Format Version 12.00
# Visual Studio 15
Project("{FAE04EC0-301F-11D3-BF4B-00C04F79EFBC}") = "Feuerwehr.Android", "Feuerwehr.Android\Feuerwehr.Android.csproj", "{02F242EC-7DFF-434C-BD6B-84EFECDF63BE}"
EndProject
Project("{FAE04EC0-301F-11D3-BF4B-00C04F79EFBC}") = "Feuerwehr.iOS", "Feuerwehr.iOS\Feuerwehr.iOS.csproj", "{679A2860-E595-4F8E-8DDA-7CD28C5ABBFE}"
EndProject
Project("{FAE04EC0-301F-11D3-BF4B-00C04F79EFBC}") = "Feuerwehr", "Feuerwehr\Feuerwehr.csproj", "{1691BB46-7BD9-4C2E-AA6F-4D4CB840C70F}"
EndProject
Global
	GlobalSection(SolutionConfigurationPlatforms) = preSolution
		Debug|Any CPU = Debug|Any CPU
		Release|Any CPU = Release|Any CPU
		Debug|iPhoneSimulator = Debug|iPhoneSimulator
		Release|iPhoneSimulator = Release|iPhoneSimulator
		Debug|iPhone = Debug|iPhone
		Release|iPhone = Release|iPhone
		Ad-Hoc|iPhone = Ad-Hoc|iPhone
		AppStore|iPhone = AppStore|iPhone
	EndGlobalSection
	GlobalSection(ProjectConfigurationPlatforms) = postSolution
		{02F242EC-7DFF-434C-BD6B-84EFECDF63BE}.Debug|Any CPU.ActiveCfg = Debug|Any CPU
		{02F242EC-7DFF-434C-BD6B-84EFECDF63BE}.Debug|Any CPU.Build.0 = Debug|Any CPU
		{02F242EC-7DFF-434C-BD6B-84EFECDF63BE}.Release|Any CPU.ActiveCfg = Release|Any CPU
		{02F242EC-7DFF-434C-BD6B-84EFECDF63BE}.Release|Any CPU.Build.0 = Release|Any CPU
		{02F242EC-7DFF-434C-BD6B-84EFECDF63BE}.Debug|iPhoneSimulator.ActiveCfg = Debug|Any CPU
		{02F242EC-7DFF-434C-BD6B-84EFECDF63BE}.Debug|iPhoneSimulator.Build.0 = Debug|Any CPU
		{02F242EC-7DFF-434C-BD6B-84EFECDF63BE}.Release|iPhoneSimulator.ActiveCfg = Release|Any CPU
		{02F242EC-7DFF-434C-BD6B-84EFECDF63BE}.Release|iPhoneSimulator.Build.0 = Release|Any CPU
		{02F242EC-7DFF-434C-BD6B-84EFECDF63BE}.Debug|iPhone.ActiveCfg = Debug|Any CPU
		{02F242EC-7DFF-434C-BD6B-84EFECDF63BE}.Debug|iPhone.Build.0 = Debug|Any CPU
		{02F242EC-7DFF-434C-BD6B-84EFECDF63BE}.Release|iPhone.ActiveCfg = Release|Any CPU
		{02F242EC-7DFF-434C-BD6B-84EFECDF63BE}.Release|iPhone.Build.0 = Release|Any CPU
		{02F242EC-7DFF-434C-BD6B-84EFECDF63BE}.Ad-Hoc|iPhone.ActiveCfg = Debug|Any CPU
		{02F242EC-7DFF-434C-BD6B-84EFECDF63BE}.Ad-Hoc|iPhone.Build.0 = Debug|Any CPU
		{02F242EC-7DFF-434C-BD6B-84EFECDF63BE}.AppStore|iPhone.ActiveCfg = Debug|Any CPU
		{02F242EC-7DFF-434C-BD6B-84EFECDF63BE}.AppStore|iPhone.Build.0 = Debug|Any CPU
		{679A2860-E595-4F8E-8DDA-7CD28C5ABBFE}.Debug|Any CPU.ActiveCfg = Debug|iPhoneSimulator
		{679A2860-E595-4F8E-8DDA-7CD28C5ABBFE}.Debug|Any CPU.Build.0 = Debug|iPhoneSimulator
		{679A2860-E595-4F8E-8DDA-7CD28C5ABBFE}.Release|Any CPU.ActiveCfg = Release|iPhoneSimulator
		{679A2860-E595-4F8E-8DDA-7CD28C5ABBFE}.Release|Any CPU.Build.0 = Release|iPhoneSimulator
		{679A2860-E595-4F8E-8DDA-7CD28C5ABBFE}.Debug|iPhoneSimulator.ActiveCfg = Debug|iPhoneSimulator
		{679A2860-E595-4F8E-8DDA-7CD28C5ABBFE}.Debug|iPhoneSimulator.Build.0 = Debug|iPhoneSimulator
		{679A2860-E595-4F8E-8DDA-7CD28C5ABBFE}.Release|iPhoneSimulator.ActiveCfg = Release|iPhoneSimulator
		{679A2860-E595-4F8E-8DDA-7CD28C5ABBFE}.Release|iPhoneSimulator.Build.0 = Release|iPhoneSimulator
		{679A2860-E595-4F8E-8DDA-7CD28C5ABBFE}.Debug|iPhone.ActiveCfg = Debug|iPhone
		{679A2860-E595-4F8E-8DDA-7CD28C5ABBFE}.Debug|iPhone.Build.0 = Debug|iPhone
		{679A2860-E595-4F8E-8DDA-7CD28C5ABBFE}.Release|iPhone.ActiveCfg = Release|iPhone
		{679A2860-E595-4F8E-8DDA-7CD28C5ABBFE}.Release|iPhone.Build.0 = Release|iPhone
		{679A2860-E595-4F8E-8DDA-7CD28C5ABBFE}.Ad-Hoc|iPhone.ActiveCfg = Ad-Hoc|iPhone
		{679A2860-E595-4F8E-8DDA-7CD28C5ABBFE}.Ad-Hoc|iPhone.Build.0 = Ad-Hoc|iPhone
		{679A2860-E595-4F8E-8DDA-7CD28C5ABBFE}.AppStore|iPhone.ActiveCfg = AppStore|iPhone
		{679A2860-E595-4F8E-8DDA-7CD28C5ABBFE}.AppStore|iPhone.Build.0 = AppStore|iPhone
		{1691BB46-7BD9-4C2E-AA6F-4D4CB840C70F}.Debug|Any CPU.ActiveCfg = Debug|Any CPU
		{1691BB46-7BD9-4C2E-AA6F-4D4CB840C70F}.Debug|Any CPU.Build.0 = Debug|Any CPU
		{1691BB46-7BD9-4C2E-AA6F-4D4CB840C70F}.Release|Any CPU.ActiveCfg = Release|Any CPU
		{1691BB46-7BD9-4C2E-AA6F-4D4CB840C70F}.Release|Any CPU.Build.0 = Release|Any CPU
		{1691BB46-7BD9-4C2E-AA6F-4D4CB840C70F}.Debug|iPhoneSimulator.ActiveCfg = Debug|Any CPU
		{1691BB46-7BD9-4C2E-AA6F-4D4CB840C70F}.Debug|iPhoneSimulator.Build.0 = Debug|Any CPU
		{1691BB46-7BD9-4C2E-AA6F-4D4CB840C70F}.Release|iPhoneSimulator.ActiveCfg = Release|Any CPU
		{1691BB46-7BD9-4C2E-AA6F-4D4CB840C70F}.Release|iPhoneSimulator.Build.0 = Release|Any CPU
		{1691BB46-7BD9-4C2E-AA6F-4D4CB840C70F}.Debug|iPhone.ActiveCfg = Debug|Any CPU
		{1691BB46-7BD9-4C2E-AA6F-4D4CB840C70F}.Debug|iPhone.Build.0 = Debug|Any CPU
		{1691BB46-7BD9-4C2E-AA6F-4D4CB840C70F}.Release|iPhone.ActiveCfg = Release|Any CPU
		{1691BB46-7BD9-4C2E-AA6F-4D4CB840C70F}.Release|iPhone.Build.0 = Release|Any CPU
		{1691BB46-7BD9-4C2E-AA6F-4D4CB840C70F}.Ad-Hoc|iPhone.ActiveCfg = Debug|Any CPU
		{1691BB46-7BD9-4C2E-AA6F-4D4CB840C70F}.Ad-Hoc|iPhone.Build.0 = Debug|Any CPU
		{1691BB46-7BD9-4C2E-AA6F-4D4CB840C70F}.AppStore|iPhone.ActiveCfg = Debug|Any CPU
		{1691BB46-7BD9-4C2E-AA6F-4D4CB840C70F}.AppStore|iPhone.Build.0 = Debug|Any CPU
	EndGlobalSection
EndGlobal
