Microsoft Visual Studio Solution File, Format Version 12.00
# Visual Studio 15
VisualStudioVersion = 15.0.28307.106
MinimumVisualStudioVersion = 10.0.40219.1
Project("{FAE04EC0-301F-11D3-BF4B-00C04F79EFBC}") = "Feuerwehr.Android", "Feuerwehr.Android\Feuerwehr.Android.csproj", "{02F242EC-7DFF-434C-BD6B-84EFECDF63BE}"
EndProject
Project("{FAE04EC0-301F-11D3-BF4B-00C04F79EFBC}") = "Feuerwehr.iOS", "Feuerwehr.iOS\Feuerwehr.iOS.csproj", "{679A2860-E595-4F8E-8DDA-7CD28C5ABBFE}"
EndProject
Project("{9A19103F-16F7-4668-BE54-9A1E7A4F7556}") = "Feuerwehr", "Feuerwehr\Feuerwehr.csproj", "{1691BB46-7BD9-4C2E-AA6F-4D4CB840C70F}"
EndProject
Global
	GlobalSection(SolutionConfigurationPlatforms) = preSolution
		Ad-Hoc|Any CPU = Ad-Hoc|Any CPU
		Ad-Hoc|iPhone = Ad-Hoc|iPhone
		Ad-Hoc|iPhoneSimulator = Ad-Hoc|iPhoneSimulator
		AppStore|Any CPU = AppStore|Any CPU
		AppStore|iPhone = AppStore|iPhone
		AppStore|iPhoneSimulator = AppStore|iPhoneSimulator
		Debug|Any CPU = Debug|Any CPU
		Debug|iPhone = Debug|iPhone
		Debug|iPhoneSimulator = Debug|iPhoneSimulator
		Release|Any CPU = Release|Any CPU
		Release|iPhone = Release|iPhone
		Release|iPhoneSimulator = Release|iPhoneSimulator
	EndGlobalSection
	GlobalSection(ProjectConfigurationPlatforms) = postSolution
		{02F242EC-7DFF-434C-BD6B-84EFECDF63BE}.Ad-Hoc|Any CPU.ActiveCfg = Release|Any CPU
		{02F242EC-7DFF-434C-BD6B-84EFECDF63BE}.Ad-Hoc|Any CPU.Build.0 = Release|Any CPU
		{02F242EC-7DFF-434C-BD6B-84EFECDF63BE}.Ad-Hoc|Any CPU.Deploy.0 = Release|Any CPU
		{02F242EC-7DFF-434C-BD6B-84EFECDF63BE}.Ad-Hoc|iPhone.ActiveCfg = Debug|Any CPU
		{02F242EC-7DFF-434C-BD6B-84EFECDF63BE}.Ad-Hoc|iPhone.Build.0 = Debug|Any CPU
		{02F242EC-7DFF-434C-BD6B-84EFECDF63BE}.Ad-Hoc|iPhoneSimulator.ActiveCfg = Release|Any CPU
		{02F242EC-7DFF-434C-BD6B-84EFECDF63BE}.Ad-Hoc|iPhoneSimulator.Build.0 = Release|Any CPU
		{02F242EC-7DFF-434C-BD6B-84EFECDF63BE}.Ad-Hoc|iPhoneSimulator.Deploy.0 = Release|Any CPU
		{02F242EC-7DFF-434C-BD6B-84EFECDF63BE}.AppStore|Any CPU.ActiveCfg = Release|Any CPU
		{02F242EC-7DFF-434C-BD6B-84EFECDF63BE}.AppStore|Any CPU.Build.0 = Release|Any CPU
		{02F242EC-7DFF-434C-BD6B-84EFECDF63BE}.AppStore|Any CPU.Deploy.0 = Release|Any CPU
		{02F242EC-7DFF-434C-BD6B-84EFECDF63BE}.AppStore|iPhone.ActiveCfg = Debug|Any CPU
		{02F242EC-7DFF-434C-BD6B-84EFECDF63BE}.AppStore|iPhone.Build.0 = Debug|Any CPU
		{02F242EC-7DFF-434C-BD6B-84EFECDF63BE}.AppStore|iPhoneSimulator.ActiveCfg = Release|Any CPU
		{02F242EC-7DFF-434C-BD6B-84EFECDF63BE}.AppStore|iPhoneSimulator.Build.0 = Release|Any CPU
		{02F242EC-7DFF-434C-BD6B-84EFECDF63BE}.AppStore|iPhoneSimulator.Deploy.0 = Release|Any CPU
		{02F242EC-7DFF-434C-BD6B-84EFECDF63BE}.Debug|Any CPU.ActiveCfg = Debug|Any CPU
		{02F242EC-7DFF-434C-BD6B-84EFECDF63BE}.Debug|Any CPU.Build.0 = Debug|Any CPU
		{02F242EC-7DFF-434C-BD6B-84EFECDF63BE}.Debug|Any CPU.Deploy.0 = Debug|Any CPU
		{02F242EC-7DFF-434C-BD6B-84EFECDF63BE}.Debug|iPhone.ActiveCfg = Debug|Any CPU
		{02F242EC-7DFF-434C-BD6B-84EFECDF63BE}.Debug|iPhone.Build.0 = Debug|Any CPU
		{02F242EC-7DFF-434C-BD6B-84EFECDF63BE}.Debug|iPhoneSimulator.ActiveCfg = Debug|Any CPU
		{02F242EC-7DFF-434C-BD6B-84EFECDF63BE}.Debug|iPhoneSimulator.Build.0 = Debug|Any CPU
		{02F242EC-7DFF-434C-BD6B-84EFECDF63BE}.Release|Any CPU.ActiveCfg = Release|Any CPU
		{02F242EC-7DFF-434C-BD6B-84EFECDF63BE}.Release|Any CPU.Build.0 = Release|Any CPU
		{02F242EC-7DFF-434C-BD6B-84EFECDF63BE}.Release|iPhone.ActiveCfg = Release|Any CPU
		{02F242EC-7DFF-434C-BD6B-84EFECDF63BE}.Release|iPhone.Build.0 = Release|Any CPU
		{02F242EC-7DFF-434C-BD6B-84EFECDF63BE}.Release|iPhoneSimulator.ActiveCfg = Release|Any CPU
		{02F242EC-7DFF-434C-BD6B-84EFECDF63BE}.Release|iPhoneSimulator.Build.0 = Release|Any CPU
		{679A2860-E595-4F8E-8DDA-7CD28C5ABBFE}.Ad-Hoc|Any CPU.ActiveCfg = Ad-Hoc|iPhoneSimulator
		{679A2860-E595-4F8E-8DDA-7CD28C5ABBFE}.Ad-Hoc|iPhone.ActiveCfg = Ad-Hoc|iPhone
		{679A2860-E595-4F8E-8DDA-7CD28C5ABBFE}.Ad-Hoc|iPhone.Build.0 = Ad-Hoc|iPhone
		{679A2860-E595-4F8E-8DDA-7CD28C5ABBFE}.Ad-Hoc|iPhoneSimulator.ActiveCfg = Ad-Hoc|iPhoneSimulator
		{679A2860-E595-4F8E-8DDA-7CD28C5ABBFE}.Ad-Hoc|iPhoneSimulator.Build.0 = Ad-Hoc|iPhoneSimulator
		{679A2860-E595-4F8E-8DDA-7CD28C5ABBFE}.AppStore|Any CPU.ActiveCfg = AppStore|iPhoneSimulator
		{679A2860-E595-4F8E-8DDA-7CD28C5ABBFE}.AppStore|iPhone.ActiveCfg = AppStore|iPhone
		{679A2860-E595-4F8E-8DDA-7CD28C5ABBFE}.AppStore|iPhone.Build.0 = AppStore|iPhone
		{679A2860-E595-4F8E-8DDA-7CD28C5ABBFE}.AppStore|iPhoneSimulator.ActiveCfg = AppStore|iPhoneSimulator
		{679A2860-E595-4F8E-8DDA-7CD28C5ABBFE}.AppStore|iPhoneSimulator.Build.0 = AppStore|iPhoneSimulator
		{679A2860-E595-4F8E-8DDA-7CD28C5ABBFE}.Debug|Any CPU.ActiveCfg = Debug|iPhoneSimulator
		{679A2860-E595-4F8E-8DDA-7CD28C5ABBFE}.Debug|Any CPU.Build.0 = Debug|iPhoneSimulator
		{679A2860-E595-4F8E-8DDA-7CD28C5ABBFE}.Debug|iPhone.ActiveCfg = Debug|iPhone
		{679A2860-E595-4F8E-8DDA-7CD28C5ABBFE}.Debug|iPhone.Build.0 = Debug|iPhone
		{679A2860-E595-4F8E-8DDA-7CD28C5ABBFE}.Debug|iPhoneSimulator.ActiveCfg = Debug|iPhoneSimulator
		{679A2860-E595-4F8E-8DDA-7CD28C5ABBFE}.Debug|iPhoneSimulator.Build.0 = Debug|iPhoneSimulator
		{679A2860-E595-4F8E-8DDA-7CD28C5ABBFE}.Release|Any CPU.ActiveCfg = Release|iPhoneSimulator
		{679A2860-E595-4F8E-8DDA-7CD28C5ABBFE}.Release|Any CPU.Build.0 = Release|iPhoneSimulator
		{679A2860-E595-4F8E-8DDA-7CD28C5ABBFE}.Release|iPhone.ActiveCfg = Release|iPhone
		{679A2860-E595-4F8E-8DDA-7CD28C5ABBFE}.Release|iPhone.Build.0 = Release|iPhone
		{679A2860-E595-4F8E-8DDA-7CD28C5ABBFE}.Release|iPhoneSimulator.ActiveCfg = Release|iPhoneSimulator
		{679A2860-E595-4F8E-8DDA-7CD28C5ABBFE}.Release|iPhoneSimulator.Build.0 = Release|iPhoneSimulator
		{1691BB46-7BD9-4C2E-AA6F-4D4CB840C70F}.Ad-Hoc|Any CPU.ActiveCfg = Release|Any CPU
		{1691BB46-7BD9-4C2E-AA6F-4D4CB840C70F}.Ad-Hoc|Any CPU.Build.0 = Release|Any CPU
		{1691BB46-7BD9-4C2E-AA6F-4D4CB840C70F}.Ad-Hoc|iPhone.ActiveCfg = Debug|Any CPU
		{1691BB46-7BD9-4C2E-AA6F-4D4CB840C70F}.Ad-Hoc|iPhone.Build.0 = Debug|Any CPU
		{1691BB46-7BD9-4C2E-AA6F-4D4CB840C70F}.Ad-Hoc|iPhoneSimulator.ActiveCfg = Release|Any CPU
		{1691BB46-7BD9-4C2E-AA6F-4D4CB840C70F}.Ad-Hoc|iPhoneSimulator.Build.0 = Release|Any CPU
		{1691BB46-7BD9-4C2E-AA6F-4D4CB840C70F}.AppStore|Any CPU.ActiveCfg = Release|Any CPU
		{1691BB46-7BD9-4C2E-AA6F-4D4CB840C70F}.AppStore|Any CPU.Build.0 = Release|Any CPU
		{1691BB46-7BD9-4C2E-AA6F-4D4CB840C70F}.AppStore|iPhone.ActiveCfg = Debug|Any CPU
		{1691BB46-7BD9-4C2E-AA6F-4D4CB840C70F}.AppStore|iPhone.Build.0 = Debug|Any CPU
		{1691BB46-7BD9-4C2E-AA6F-4D4CB840C70F}.AppStore|iPhoneSimulator.ActiveCfg = Release|Any CPU
		{1691BB46-7BD9-4C2E-AA6F-4D4CB840C70F}.AppStore|iPhoneSimulator.Build.0 = Release|Any CPU
		{1691BB46-7BD9-4C2E-AA6F-4D4CB840C70F}.Debug|Any CPU.ActiveCfg = Debug|Any CPU
		{1691BB46-7BD9-4C2E-AA6F-4D4CB840C70F}.Debug|Any CPU.Build.0 = Debug|Any CPU
		{1691BB46-7BD9-4C2E-AA6F-4D4CB840C70F}.Debug|iPhone.ActiveCfg = Debug|Any CPU
		{1691BB46-7BD9-4C2E-AA6F-4D4CB840C70F}.Debug|iPhone.Build.0 = Debug|Any CPU
		{1691BB46-7BD9-4C2E-AA6F-4D4CB840C70F}.Debug|iPhoneSimulator.ActiveCfg = Debug|Any CPU
		{1691BB46-7BD9-4C2E-AA6F-4D4CB840C70F}.Debug|iPhoneSimulator.Build.0 = Debug|Any CPU
		{1691BB46-7BD9-4C2E-AA6F-4D4CB840C70F}.Release|Any CPU.ActiveCfg = Release|Any CPU
		{1691BB46-7BD9-4C2E-AA6F-4D4CB840C70F}.Release|Any CPU.Build.0 = Release|Any CPU
		{1691BB46-7BD9-4C2E-AA6F-4D4CB840C70F}.Release|iPhone.ActiveCfg = Release|Any CPU
		{1691BB46-7BD9-4C2E-AA6F-4D4CB840C70F}.Release|iPhone.Build.0 = Release|Any CPU
		{1691BB46-7BD9-4C2E-AA6F-4D4CB840C70F}.Release|iPhoneSimulator.ActiveCfg = Release|Any CPU
		{1691BB46-7BD9-4C2E-AA6F-4D4CB840C70F}.Release|iPhoneSimulator.Build.0 = Release|Any CPU
	EndGlobalSection
	GlobalSection(SolutionProperties) = preSolution
		HideSolutionNode = FALSE
	EndGlobalSection
	GlobalSection(ExtensibilityGlobals) = postSolution
		SolutionGuid = {3F13C5B3-D0AE-4CC6-8204-CE9A831906E3}
	EndGlobalSection
EndGlobal
